
Microsoft Visual Studio Solution File, Format Version 12.00
# Visual Studio Version 17
VisualStudioVersion = 17.9.34723.18
MinimumVisualStudioVersion = 10.0.40219.1
Project("{FAE04EC0-301F-11D3-BF4B-00C04F79EFBC}") = "lab01", "lab01\lab01.csproj", "{6AB156D1-1B26-477B-8630-B4FD84F80958}"
EndProject
Project("{FAE04EC0-301F-11D3-BF4B-00C04F79EFBC}") = "lab01_2", "..\lab01_2\lab01_2.csproj", "{EE224BD9-ED6F-4F04-9A76-4C5B85E72272}"
EndProject
Project("{FAE04EC0-301F-11D3-BF4B-00C04F79EFBC}") = "Bai1.1", "..\Bai1.1\Bai1.1.csproj", "{0D1A7FAC-E9A0-4260-A06C-B1851107E9CC}"
EndProject
Global
	GlobalSection(SolutionConfigurationPlatforms) = preSolution
		Debug|Any CPU = Debug|Any CPU
		Release|Any CPU = Release|Any CPU
	EndGlobalSection
	GlobalSection(ProjectConfigurationPlatforms) = postSolution
		{6AB156D1-1B26-477B-8630-B4FD84F80958}.Debug|Any CPU.ActiveCfg = Debug|Any CPU
		{6AB156D1-1B26-477B-8630-B4FD84F80958}.Debug|Any CPU.Build.0 = Debug|Any CPU
		{6AB156D1-1B26-477B-8630-B4FD84F80958}.Release|Any CPU.ActiveCfg = Release|Any CPU
		{6AB156D1-1B26-477B-8630-B4FD84F80958}.Release|Any CPU.Build.0 = Release|Any CPU
		{EE224BD9-ED6F-4F04-9A76-4C5B85E72272}.Debug|Any CPU.ActiveCfg = Debug|Any CPU
		{EE224BD9-ED6F-4F04-9A76-4C5B85E72272}.Debug|Any CPU.Build.0 = Debug|Any CPU
		{EE224BD9-ED6F-4F04-9A76-4C5B85E72272}.Release|Any CPU.ActiveCfg = Release|Any CPU
		{EE224BD9-ED6F-4F04-9A76-4C5B85E72272}.Release|Any CPU.Build.0 = Release|Any CPU
		{0D1A7FAC-E9A0-4260-A06C-B1851107E9CC}.Debug|Any CPU.ActiveCfg = Debug|Any CPU
		{0D1A7FAC-E9A0-4260-A06C-B1851107E9CC}.Debug|Any CPU.Build.0 = Debug|Any CPU
		{0D1A7FAC-E9A0-4260-A06C-B1851107E9CC}.Release|Any CPU.ActiveCfg = Release|Any CPU
		{0D1A7FAC-E9A0-4260-A06C-B1851107E9CC}.Release|Any CPU.Build.0 = Release|Any CPU
	EndGlobalSection
	GlobalSection(SolutionProperties) = preSolution
		HideSolutionNode = FALSE
	EndGlobalSection
	GlobalSection(ExtensibilityGlobals) = postSolution
		SolutionGuid = {BD85433D-F129-4E27-A518-B1852F189713}
	EndGlobalSection
EndGlobal
