
Microsoft Visual Studio Solution File, Format Version 12.00
# Visual Studio Version 17
VisualStudioVersion = 17.9.34723.18
MinimumVisualStudioVersion = 10.0.40219.1
Project("{FAE04EC0-301F-11D3-BF4B-00C04F79EFBC}") = "lab3.1", "lab3.1\lab3.1.csproj", "{32732D80-B14A-40F3-8556-678A664C32E0}"
EndProject
Project("{FAE04EC0-301F-11D3-BF4B-00C04F79EFBC}") = "lab3.2", "..\lab2.3\lab3.2.csproj", "{65754915-AB1E-4A9E-8A16-7EEE92E91CDB}"
EndProject
Project("{FAE04EC0-301F-11D3-BF4B-00C04F79EFBC}") = "lab3.3", "..\lab3.3\lab3.3.csproj", "{69A0B05A-2985-4849-A331-9126E0F4ECCB}"
EndProject
Global
	GlobalSection(SolutionConfigurationPlatforms) = preSolution
		Debug|Any CPU = Debug|Any CPU
		Release|Any CPU = Release|Any CPU
	EndGlobalSection
	GlobalSection(ProjectConfigurationPlatforms) = postSolution
		{32732D80-B14A-40F3-8556-678A664C32E0}.Debug|Any CPU.ActiveCfg = Debug|Any CPU
		{32732D80-B14A-40F3-8556-678A664C32E0}.Debug|Any CPU.Build.0 = Debug|Any CPU
		{32732D80-B14A-40F3-8556-678A664C32E0}.Release|Any CPU.ActiveCfg = Release|Any CPU
		{32732D80-B14A-40F3-8556-678A664C32E0}.Release|Any CPU.Build.0 = Release|Any CPU
		{65754915-AB1E-4A9E-8A16-7EEE92E91CDB}.Debug|Any CPU.ActiveCfg = Debug|Any CPU
		{65754915-AB1E-4A9E-8A16-7EEE92E91CDB}.Debug|Any CPU.Build.0 = Debug|Any CPU
		{65754915-AB1E-4A9E-8A16-7EEE92E91CDB}.Release|Any CPU.ActiveCfg = Release|Any CPU
		{65754915-AB1E-4A9E-8A16-7EEE92E91CDB}.Release|Any CPU.Build.0 = Release|Any CPU
		{69A0B05A-2985-4849-A331-9126E0F4ECCB}.Debug|Any CPU.ActiveCfg = Debug|Any CPU
		{69A0B05A-2985-4849-A331-9126E0F4ECCB}.Debug|Any CPU.Build.0 = Debug|Any CPU
		{69A0B05A-2985-4849-A331-9126E0F4ECCB}.Release|Any CPU.ActiveCfg = Release|Any CPU
		{69A0B05A-2985-4849-A331-9126E0F4ECCB}.Release|Any CPU.Build.0 = Release|Any CPU
	EndGlobalSection
	GlobalSection(SolutionProperties) = preSolution
		HideSolutionNode = FALSE
	EndGlobalSection
	GlobalSection(ExtensibilityGlobals) = postSolution
		SolutionGuid = {FB2CD69C-DF78-41ED-BB22-DA922EEA8513}
	EndGlobalSection
EndGlobal
